{
    "_readme": [
        "This file locks the dependencies of your project to a known state",
        "Read more about it at https://getcomposer.org/doc/01-basic-usage.md#installing-dependencies",
        "This file is @generated automatically"
    ],
    "content-hash": "838e5f9af17f569ba4e777a40692f378",
    "packages": [
        {
            "name": "bjoernffm/spintax",
            "version": "v0.1.2",
            "source": {
                "type": "git",
                "url": "https://github.com/bjoernffm/spintax.git",
                "reference": "87f3b8b8049c3cfe8a48a8814dd2232acf57ced4"
            },
            "dist": {
                "type": "zip",
                "url": "https://api.github.com/repos/bjoernffm/spintax/zipball/87f3b8b8049c3cfe8a48a8814dd2232acf57ced4",
                "reference": "87f3b8b8049c3cfe8a48a8814dd2232acf57ced4",
                "shasum": ""
            },
            "require": {
                "php": ">=7.2"
            },
            "require-dev": {
                "phpunit/phpunit": "^8.4"
            },
            "type": "library",
            "autoload": {
                "classmap": [
                    "src/"
                ]
            },
            "notification-url": "https://packagist.org/downloads/",
            "license": [
                "MIT"
            ],
            "authors": [
                {
                    "name": "Rafał Wrzeszcz",
                    "email": "rafal.wrzeszcz@wrzasq.pl",
                    "homepage": "http://wrzasq.pl/",
                    "role": "creator,manager,architect,developer"
                },
                {
                    "name": "Chillout Development",
                    "email": "biuro@chilldev.pl",
                    "homepage": "http://chilldev.pl/",
                    "role": "owner"
                },
                {
                    "name": "Bjoern Ebbrecht",
                    "email": "bjoern.ebbrecht@gmail.com",
                    "homepage": "https://github.com/bjoernffm",
                    "role": "owner"
                }
            ],
            "description": "Spintax {parsing|processing} library.",
            "homepage": "https://github.com/bjoernffm/spintax",
            "keywords": [
                "chilldev",
                "content generator",
                "seo",
                "spintax"
            ],
            "time": "2020-01-19T20:17:48+00:00"
        }
    ],
    "packages-dev": [],
    "aliases": [],
    "minimum-stability": "stable",
    "stability-flags": [],
    "prefer-stable": false,
    "prefer-lowest": false,
    "platform": [],
    "platform-dev": []
}
